
Microsoft Visual Studio Solution File, Format Version 12.00
# Visual Studio Version 17
VisualStudioVersion = 17.8.34309.116
MinimumVisualStudioVersion = 10.0.40219.1
Project("{9A19103F-16F7-4668-BE54-9A1E7A4F7556}") = "Calculadora", "CalculadoraVolume\Calculadora.csproj", "{AE5BC183-D21B-44CC-9FC6-E06FFA1BAAFC}"
EndProject
Global
	GlobalSection(SolutionConfigurationPlatforms) = preSolution
		Debug|Any CPU = Debug|Any CPU
		Release|Any CPU = Release|Any CPU
	EndGlobalSection
	GlobalSection(ProjectConfigurationPlatforms) = postSolution
		{AE5BC183-D21B-44CC-9FC6-E06FFA1BAAFC}.Debug|Any CPU.ActiveCfg = Debug|Any CPU
		{AE5BC183-D21B-44CC-9FC6-E06FFA1BAAFC}.Debug|Any CPU.Build.0 = Debug|Any CPU
		{AE5BC183-D21B-44CC-9FC6-E06FFA1BAAFC}.Release|Any CPU.ActiveCfg = Release|Any CPU
		{AE5BC183-D21B-44CC-9FC6-E06FFA1BAAFC}.Release|Any CPU.Build.0 = Release|Any CPU
	EndGlobalSection
	GlobalSection(SolutionProperties) = preSolution
		HideSolutionNode = FALSE
	EndGlobalSection
	GlobalSection(ExtensibilityGlobals) = postSolution
		SolutionGuid = {E122CB62-CFC3-40AD-8EAB-447E7EF1DB25}
	EndGlobalSection
EndGlobal
